
Microsoft Visual Studio Solution File, Format Version 12.00
# Visual Studio Version 16
VisualStudioVersion = 16.0.31702.278
MinimumVisualStudioVersion = 10.0.40219.1
Project("{FAE04EC0-301F-11D3-BF4B-00C04F79EFBC}") = "FocusTimer.Android", "FocusTimer\FocusTimer.Android\FocusTimer.Android.csproj", "{594AEF65-0D07-4704-B232-E8DEB0FBEEF0}"
EndProject
Project("{FAE04EC0-301F-11D3-BF4B-00C04F79EFBC}") = "FocusTimer", "FocusTimer\FocusTimer\FocusTimer.csproj", "{0CF71EBD-DBD5-4CB7-A6AA-114E3299F881}"
EndProject
Global
	GlobalSection(SolutionConfigurationPlatforms) = preSolution
		Debug|Any CPU = Debug|Any CPU
		Release|Any CPU = Release|Any CPU
	EndGlobalSection
	GlobalSection(ProjectConfigurationPlatforms) = postSolution
		{594AEF65-0D07-4704-B232-E8DEB0FBEEF0}.Debug|Any CPU.ActiveCfg = Debug|Any CPU
		{594AEF65-0D07-4704-B232-E8DEB0FBEEF0}.Debug|Any CPU.Build.0 = Debug|Any CPU
		{594AEF65-0D07-4704-B232-E8DEB0FBEEF0}.Debug|Any CPU.Deploy.0 = Debug|Any CPU
		{594AEF65-0D07-4704-B232-E8DEB0FBEEF0}.Release|Any CPU.ActiveCfg = Release|Any CPU
		{594AEF65-0D07-4704-B232-E8DEB0FBEEF0}.Release|Any CPU.Build.0 = Release|Any CPU
		{594AEF65-0D07-4704-B232-E8DEB0FBEEF0}.Release|Any CPU.Deploy.0 = Release|Any CPU
		{0CF71EBD-DBD5-4CB7-A6AA-114E3299F881}.Debug|Any CPU.ActiveCfg = Debug|Any CPU
		{0CF71EBD-DBD5-4CB7-A6AA-114E3299F881}.Debug|Any CPU.Build.0 = Debug|Any CPU
		{0CF71EBD-DBD5-4CB7-A6AA-114E3299F881}.Debug|Any CPU.Deploy.0 = Debug|Any CPU
		{0CF71EBD-DBD5-4CB7-A6AA-114E3299F881}.Release|Any CPU.ActiveCfg = Release|Any CPU
		{0CF71EBD-DBD5-4CB7-A6AA-114E3299F881}.Release|Any CPU.Build.0 = Release|Any CPU
		{0CF71EBD-DBD5-4CB7-A6AA-114E3299F881}.Release|Any CPU.Deploy.0 = Release|Any CPU
	EndGlobalSection
	GlobalSection(SolutionProperties) = preSolution
		HideSolutionNode = FALSE
	EndGlobalSection
	GlobalSection(ExtensibilityGlobals) = postSolution
		SolutionGuid = {DEE16D01-F90B-4DC8-8A16-3F033ABC7C25}
	EndGlobalSection
EndGlobal
